
Microsoft Visual Studio Solution File, Format Version 11.00
# Visual Studio 2010
Project("{8BC9CEB8-8B4A-11D0-8D11-00A0C91BC942}") = "directx_test", "directx_test\directx_test.vcxproj", "{8ABB00CA-883F-4A51-B498-FE3B6ACD5F75}"
EndProject
Project("{8BC9CEB8-8B4A-11D0-8D11-00A0C91BC942}") = "init", "init\init.vcxproj", "{F60A809D-04D1-4799-A841-124BC823238D}"
EndProject
Project("{8BC9CEB8-8B4A-11D0-8D11-00A0C91BC942}") = "init_cube", "init_cube\init_cube.vcxproj", "{25BE2277-2340-4E18-9698-EDB2EFFCA986}"
EndProject
Project("{8BC9CEB8-8B4A-11D0-8D11-00A0C91BC942}") = "init_color", "init_color\init_color.vcxproj", "{46520CC2-4693-429C-958E-480E37F942B2}"
EndProject
Project("{8BC9CEB8-8B4A-11D0-8D11-00A0C91BC942}") = "init_light", "init_light\init_light.vcxproj", "{3C925C71-ECB9-4A67-B83D-D95C704A2FD7}"
EndProject
Project("{8BC9CEB8-8B4A-11D0-8D11-00A0C91BC942}") = "init_text", "init_text\init_text.vcxproj", "{9B62A087-E63E-449B-955C-6C0677097295}"
EndProject
Project("{8BC9CEB8-8B4A-11D0-8D11-00A0C91BC942}") = "init_mix", "init_mix\init_mix.vcxproj", "{E4E853FB-F19B-4D52-9051-786C72FD2033}"
EndProject
Project("{8BC9CEB8-8B4A-11D0-8D11-00A0C91BC942}") = "init_triangle", "init_triangle\init_triangle.vcxproj", "{C45B0AFF-95FA-4070-A0BA-4EEAA427D879}"
EndProject
Project("{8BC9CEB8-8B4A-11D0-8D11-00A0C91BC942}") = "mathlib", "mathlib\mathlib.vcxproj", "{03B01E39-C060-4EF1-9913-9E365C753684}"
EndProject
Global
	GlobalSection(SolutionConfigurationPlatforms) = preSolution
		Debug|Win32 = Debug|Win32
		Release|Win32 = Release|Win32
	EndGlobalSection
	GlobalSection(ProjectConfigurationPlatforms) = postSolution
		{8ABB00CA-883F-4A51-B498-FE3B6ACD5F75}.Debug|Win32.ActiveCfg = Debug|Win32
		{8ABB00CA-883F-4A51-B498-FE3B6ACD5F75}.Debug|Win32.Build.0 = Debug|Win32
		{8ABB00CA-883F-4A51-B498-FE3B6ACD5F75}.Release|Win32.ActiveCfg = Release|Win32
		{8ABB00CA-883F-4A51-B498-FE3B6ACD5F75}.Release|Win32.Build.0 = Release|Win32
		{F60A809D-04D1-4799-A841-124BC823238D}.Debug|Win32.ActiveCfg = Debug|Win32
		{F60A809D-04D1-4799-A841-124BC823238D}.Debug|Win32.Build.0 = Debug|Win32
		{F60A809D-04D1-4799-A841-124BC823238D}.Release|Win32.ActiveCfg = Release|Win32
		{F60A809D-04D1-4799-A841-124BC823238D}.Release|Win32.Build.0 = Release|Win32
		{25BE2277-2340-4E18-9698-EDB2EFFCA986}.Debug|Win32.ActiveCfg = Debug|Win32
		{25BE2277-2340-4E18-9698-EDB2EFFCA986}.Debug|Win32.Build.0 = Debug|Win32
		{25BE2277-2340-4E18-9698-EDB2EFFCA986}.Release|Win32.ActiveCfg = Release|Win32
		{25BE2277-2340-4E18-9698-EDB2EFFCA986}.Release|Win32.Build.0 = Release|Win32
		{46520CC2-4693-429C-958E-480E37F942B2}.Debug|Win32.ActiveCfg = Debug|Win32
		{46520CC2-4693-429C-958E-480E37F942B2}.Debug|Win32.Build.0 = Debug|Win32
		{46520CC2-4693-429C-958E-480E37F942B2}.Release|Win32.ActiveCfg = Release|Win32
		{46520CC2-4693-429C-958E-480E37F942B2}.Release|Win32.Build.0 = Release|Win32
		{3C925C71-ECB9-4A67-B83D-D95C704A2FD7}.Debug|Win32.ActiveCfg = Debug|Win32
		{3C925C71-ECB9-4A67-B83D-D95C704A2FD7}.Debug|Win32.Build.0 = Debug|Win32
		{3C925C71-ECB9-4A67-B83D-D95C704A2FD7}.Release|Win32.ActiveCfg = Release|Win32
		{3C925C71-ECB9-4A67-B83D-D95C704A2FD7}.Release|Win32.Build.0 = Release|Win32
		{9B62A087-E63E-449B-955C-6C0677097295}.Debug|Win32.ActiveCfg = Debug|Win32
		{9B62A087-E63E-449B-955C-6C0677097295}.Debug|Win32.Build.0 = Debug|Win32
		{9B62A087-E63E-449B-955C-6C0677097295}.Release|Win32.ActiveCfg = Release|Win32
		{9B62A087-E63E-449B-955C-6C0677097295}.Release|Win32.Build.0 = Release|Win32
		{E4E853FB-F19B-4D52-9051-786C72FD2033}.Debug|Win32.ActiveCfg = Debug|Win32
		{E4E853FB-F19B-4D52-9051-786C72FD2033}.Debug|Win32.Build.0 = Debug|Win32
		{E4E853FB-F19B-4D52-9051-786C72FD2033}.Release|Win32.ActiveCfg = Release|Win32
		{E4E853FB-F19B-4D52-9051-786C72FD2033}.Release|Win32.Build.0 = Release|Win32
		{C45B0AFF-95FA-4070-A0BA-4EEAA427D879}.Debug|Win32.ActiveCfg = Debug|Win32
		{C45B0AFF-95FA-4070-A0BA-4EEAA427D879}.Debug|Win32.Build.0 = Debug|Win32
		{C45B0AFF-95FA-4070-A0BA-4EEAA427D879}.Release|Win32.ActiveCfg = Release|Win32
		{C45B0AFF-95FA-4070-A0BA-4EEAA427D879}.Release|Win32.Build.0 = Release|Win32
		{03B01E39-C060-4EF1-9913-9E365C753684}.Debug|Win32.ActiveCfg = Debug|Win32
		{03B01E39-C060-4EF1-9913-9E365C753684}.Debug|Win32.Build.0 = Debug|Win32
		{03B01E39-C060-4EF1-9913-9E365C753684}.Release|Win32.ActiveCfg = Release|Win32
		{03B01E39-C060-4EF1-9913-9E365C753684}.Release|Win32.Build.0 = Release|Win32
	EndGlobalSection
	GlobalSection(SolutionProperties) = preSolution
		HideSolutionNode = FALSE
	EndGlobalSection
EndGlobal
