
Microsoft Visual Studio Solution File, Format Version 11.00
# Visual Studio 2010
Project("{8BC9CEB8-8B4A-11D0-8D11-00A0C91BC942}") = "directx_test", "directx_test\directx_test.vcxproj", "{8ABB00CA-883F-4A51-B498-FE3B6ACD5F75}"
EndProject
Project("{8BC9CEB8-8B4A-11D0-8D11-00A0C91BC942}") = "init", "init\init.vcxproj", "{F60A809D-04D1-4799-A841-124BC823238D}"
EndProject
Global
	GlobalSection(SolutionConfigurationPlatforms) = preSolution
		Debug|Win32 = Debug|Win32
		Release|Win32 = Release|Win32
	EndGlobalSection
	GlobalSection(ProjectConfigurationPlatforms) = postSolution
		{8ABB00CA-883F-4A51-B498-FE3B6ACD5F75}.Debug|Win32.ActiveCfg = Debug|Win32
		{8ABB00CA-883F-4A51-B498-FE3B6ACD5F75}.Debug|Win32.Build.0 = Debug|Win32
		{8ABB00CA-883F-4A51-B498-FE3B6ACD5F75}.Release|Win32.ActiveCfg = Release|Win32
		{8ABB00CA-883F-4A51-B498-FE3B6ACD5F75}.Release|Win32.Build.0 = Release|Win32
		{F60A809D-04D1-4799-A841-124BC823238D}.Debug|Win32.ActiveCfg = Debug|Win32
		{F60A809D-04D1-4799-A841-124BC823238D}.Debug|Win32.Build.0 = Debug|Win32
		{F60A809D-04D1-4799-A841-124BC823238D}.Release|Win32.ActiveCfg = Release|Win32
		{F60A809D-04D1-4799-A841-124BC823238D}.Release|Win32.Build.0 = Release|Win32
	EndGlobalSection
	GlobalSection(SolutionProperties) = preSolution
		HideSolutionNode = FALSE
	EndGlobalSection
EndGlobal
